
Microsoft Visual Studio Solution File, Format Version 12.00
# Visual Studio Version 17
VisualStudioVersion = 17.13.35931.197 d17.13
MinimumVisualStudioVersion = 10.0.40219.1
Project("{FAE04EC0-301F-11D3-BF4B-00C04F79EFBC}") = "Reflexia", "Reflexia\Reflexia.csproj", "{AEED90C6-A4CC-4111-9F3A-DD31FB405576}"
EndProject
Global
	GlobalSection(SolutionConfigurationPlatforms) = preSolution
		Debug|Any CPU = Debug|Any CPU
		Release|Any CPU = Release|Any CPU
	EndGlobalSection
	GlobalSection(ProjectConfigurationPlatforms) = postSolution
		{AEED90C6-A4CC-4111-9F3A-DD31FB405576}.Debug|Any CPU.ActiveCfg = Debug|Any CPU
		{AEED90C6-A4CC-4111-9F3A-DD31FB405576}.Debug|Any CPU.Build.0 = Debug|Any CPU
		{AEED90C6-A4CC-4111-9F3A-DD31FB405576}.Release|Any CPU.ActiveCfg = Release|Any CPU
		{AEED90C6-A4CC-4111-9F3A-DD31FB405576}.Release|Any CPU.Build.0 = Release|Any CPU
	EndGlobalSection
	GlobalSection(SolutionProperties) = preSolution
		HideSolutionNode = FALSE
	EndGlobalSection
	GlobalSection(ExtensibilityGlobals) = postSolution
		SolutionGuid = {8AC2E016-D518-463A-8034-99E115C9C550}
	EndGlobalSection
EndGlobal
