
Microsoft Visual Studio Solution File, Format Version 12.00
# Visual Studio Version 17
VisualStudioVersion = 17.13.35931.197 d17.13
MinimumVisualStudioVersion = 10.0.40219.1
Project("{FAE04EC0-301F-11D3-BF4B-00C04F79EFBC}") = "Cercul", "Cercul\Cercul.csproj", "{6B594D12-DA03-4D54-B1E3-07DA4B53A818}"
EndProject
Global
	GlobalSection(SolutionConfigurationPlatforms) = preSolution
		Debug|Any CPU = Debug|Any CPU
		Release|Any CPU = Release|Any CPU
	EndGlobalSection
	GlobalSection(ProjectConfigurationPlatforms) = postSolution
		{6B594D12-DA03-4D54-B1E3-07DA4B53A818}.Debug|Any CPU.ActiveCfg = Debug|Any CPU
		{6B594D12-DA03-4D54-B1E3-07DA4B53A818}.Debug|Any CPU.Build.0 = Debug|Any CPU
		{6B594D12-DA03-4D54-B1E3-07DA4B53A818}.Release|Any CPU.ActiveCfg = Release|Any CPU
		{6B594D12-DA03-4D54-B1E3-07DA4B53A818}.Release|Any CPU.Build.0 = Release|Any CPU
	EndGlobalSection
	GlobalSection(SolutionProperties) = preSolution
		HideSolutionNode = FALSE
	EndGlobalSection
	GlobalSection(ExtensibilityGlobals) = postSolution
		SolutionGuid = {CB5C06BD-3821-4CC1-A261-76C94B09E0F7}
	EndGlobalSection
EndGlobal
